
Microsoft Visual Studio Solution File, Format Version 12.00
# Visual Studio Version 17
VisualStudioVersion = 17.7.34018.315
MinimumVisualStudioVersion = 10.0.40219.1
Project("{FAE04EC0-301F-11D3-BF4B-00C04F79EFBC}") = "Hometaskpractice21.10", "Hometaskpractice21.10\Hometaskpractice21.10.csproj", "{A69BFB02-BC28-49B3-A2C8-6F0429880725}"
EndProject
Project("{FAE04EC0-301F-11D3-BF4B-00C04F79EFBC}") = "Domain", "Domain\Domain.csproj", "{7E070D03-64FD-4CE4-B33A-AEC9ADABD541}"
EndProject
Project("{FAE04EC0-301F-11D3-BF4B-00C04F79EFBC}") = "Service", "Service\Service.csproj", "{2CD648CD-51CD-4497-948F-FD96FB369D6B}"
EndProject
Global
	GlobalSection(SolutionConfigurationPlatforms) = preSolution
		Debug|Any CPU = Debug|Any CPU
		Release|Any CPU = Release|Any CPU
	EndGlobalSection
	GlobalSection(ProjectConfigurationPlatforms) = postSolution
		{A69BFB02-BC28-49B3-A2C8-6F0429880725}.Debug|Any CPU.ActiveCfg = Debug|Any CPU
		{A69BFB02-BC28-49B3-A2C8-6F0429880725}.Debug|Any CPU.Build.0 = Debug|Any CPU
		{A69BFB02-BC28-49B3-A2C8-6F0429880725}.Release|Any CPU.ActiveCfg = Release|Any CPU
		{A69BFB02-BC28-49B3-A2C8-6F0429880725}.Release|Any CPU.Build.0 = Release|Any CPU
		{7E070D03-64FD-4CE4-B33A-AEC9ADABD541}.Debug|Any CPU.ActiveCfg = Debug|Any CPU
		{7E070D03-64FD-4CE4-B33A-AEC9ADABD541}.Debug|Any CPU.Build.0 = Debug|Any CPU
		{7E070D03-64FD-4CE4-B33A-AEC9ADABD541}.Release|Any CPU.ActiveCfg = Release|Any CPU
		{7E070D03-64FD-4CE4-B33A-AEC9ADABD541}.Release|Any CPU.Build.0 = Release|Any CPU
		{2CD648CD-51CD-4497-948F-FD96FB369D6B}.Debug|Any CPU.ActiveCfg = Debug|Any CPU
		{2CD648CD-51CD-4497-948F-FD96FB369D6B}.Debug|Any CPU.Build.0 = Debug|Any CPU
		{2CD648CD-51CD-4497-948F-FD96FB369D6B}.Release|Any CPU.ActiveCfg = Release|Any CPU
		{2CD648CD-51CD-4497-948F-FD96FB369D6B}.Release|Any CPU.Build.0 = Release|Any CPU
	EndGlobalSection
	GlobalSection(SolutionProperties) = preSolution
		HideSolutionNode = FALSE
	EndGlobalSection
	GlobalSection(ExtensibilityGlobals) = postSolution
		SolutionGuid = {B5A94CDE-6A61-412B-A3C9-CC5633557684}
	EndGlobalSection
EndGlobal
